
Microsoft Visual Studio Solution File, Format Version 12.00
# Visual Studio Version 17
VisualStudioVersion = 17.5.002.0
MinimumVisualStudioVersion = 10.0.40219.1
Project("{9A19103F-16F7-4668-BE54-9A1E7A4F7556}") = "FormsApp", "FormsApp.csproj", "{02D23104-F14A-41CB-9DC9-A8AD2C192C6F}"
EndProject
Global
	GlobalSection(SolutionConfigurationPlatforms) = preSolution
		Debug|Any CPU = Debug|Any CPU
		Release|Any CPU = Release|Any CPU
	EndGlobalSection
	GlobalSection(ProjectConfigurationPlatforms) = postSolution
		{02D23104-F14A-41CB-9DC9-A8AD2C192C6F}.Debug|Any CPU.ActiveCfg = Debug|Any CPU
		{02D23104-F14A-41CB-9DC9-A8AD2C192C6F}.Debug|Any CPU.Build.0 = Debug|Any CPU
		{02D23104-F14A-41CB-9DC9-A8AD2C192C6F}.Release|Any CPU.ActiveCfg = Release|Any CPU
		{02D23104-F14A-41CB-9DC9-A8AD2C192C6F}.Release|Any CPU.Build.0 = Release|Any CPU
	EndGlobalSection
	GlobalSection(SolutionProperties) = preSolution
		HideSolutionNode = FALSE
	EndGlobalSection
	GlobalSection(ExtensibilityGlobals) = postSolution
		SolutionGuid = {4C9D62E3-E183-4FC8-91C6-134189E6215E}
	EndGlobalSection
EndGlobal
